
Microsoft Visual Studio Solution File, Format Version 12.00
# Visual Studio Version 16
VisualStudioVersion = 16.0.32510.428
MinimumVisualStudioVersion = 10.0.40219.1
Project("{FAE04EC0-301F-11D3-BF4B-00C04F79EFBC}") = "ConverterCSVtoSQL", "ConverterCSVtoSQL\ConverterCSVtoSQL.csproj", "{C2075E37-ED74-4A43-8807-391AF8BA477E}"
EndProject
Global
	GlobalSection(SolutionConfigurationPlatforms) = preSolution
		Debug|Any CPU = Debug|Any CPU
		Release|Any CPU = Release|Any CPU
	EndGlobalSection
	GlobalSection(ProjectConfigurationPlatforms) = postSolution
		{C2075E37-ED74-4A43-8807-391AF8BA477E}.Debug|Any CPU.ActiveCfg = Debug|Any CPU
		{C2075E37-ED74-4A43-8807-391AF8BA477E}.Debug|Any CPU.Build.0 = Debug|Any CPU
		{C2075E37-ED74-4A43-8807-391AF8BA477E}.Release|Any CPU.ActiveCfg = Release|Any CPU
		{C2075E37-ED74-4A43-8807-391AF8BA477E}.Release|Any CPU.Build.0 = Release|Any CPU
	EndGlobalSection
	GlobalSection(SolutionProperties) = preSolution
		HideSolutionNode = FALSE
	EndGlobalSection
	GlobalSection(ExtensibilityGlobals) = postSolution
		SolutionGuid = {91875BBF-30D1-48FA-9548-E5E6505AE9BF}
	EndGlobalSection
EndGlobal
